
Microsoft Visual Studio Solution File, Format Version 12.00
# Visual Studio 15
VisualStudioVersion = 15.0.28307.852
MinimumVisualStudioVersion = 10.0.40219.1
Project("{FAE04EC0-301F-11D3-BF4B-00C04F79EFBC}") = "WebStore", "WebStore\WebStore.csproj", "{CC957704-0AA9-4372-B7BA-9CE454199500}"
EndProject
Global
	GlobalSection(SolutionConfigurationPlatforms) = preSolution
		Debug|Any CPU = Debug|Any CPU
		Release|Any CPU = Release|Any CPU
	EndGlobalSection
	GlobalSection(ProjectConfigurationPlatforms) = postSolution
		{CC957704-0AA9-4372-B7BA-9CE454199500}.Debug|Any CPU.ActiveCfg = Debug|Any CPU
		{CC957704-0AA9-4372-B7BA-9CE454199500}.Debug|Any CPU.Build.0 = Debug|Any CPU
		{CC957704-0AA9-4372-B7BA-9CE454199500}.Release|Any CPU.ActiveCfg = Release|Any CPU
		{CC957704-0AA9-4372-B7BA-9CE454199500}.Release|Any CPU.Build.0 = Release|Any CPU
	EndGlobalSection
	GlobalSection(SolutionProperties) = preSolution
		HideSolutionNode = FALSE
	EndGlobalSection
	GlobalSection(ExtensibilityGlobals) = postSolution
		SolutionGuid = {259AFBA1-900C-4EF7-9862-53E03D97A991}
	EndGlobalSection
EndGlobal
